
Microsoft Visual Studio Solution File, Format Version 12.00
# Visual Studio 15
VisualStudioVersion = 15.0.28307.136
MinimumVisualStudioVersion = 10.0.40219.1
Project("{FAE04EC0-301F-11D3-BF4B-00C04F79EFBC}") = "BoussinesqJointPatternMaker", "BoussinesqJointPatternMaker\BoussinesqJointPatternMaker.csproj", "{D013F872-91DA-41C2-83EE-C0F803BBD76B}"
EndProject
Global
	GlobalSection(SolutionConfigurationPlatforms) = preSolution
		Debug|Any CPU = Debug|Any CPU
		Release|Any CPU = Release|Any CPU
	EndGlobalSection
	GlobalSection(ProjectConfigurationPlatforms) = postSolution
		{D013F872-91DA-41C2-83EE-C0F803BBD76B}.Debug|Any CPU.ActiveCfg = Debug|Any CPU
		{D013F872-91DA-41C2-83EE-C0F803BBD76B}.Debug|Any CPU.Build.0 = Debug|Any CPU
		{D013F872-91DA-41C2-83EE-C0F803BBD76B}.Release|Any CPU.ActiveCfg = Release|Any CPU
		{D013F872-91DA-41C2-83EE-C0F803BBD76B}.Release|Any CPU.Build.0 = Release|Any CPU
	EndGlobalSection
	GlobalSection(SolutionProperties) = preSolution
		HideSolutionNode = FALSE
	EndGlobalSection
	GlobalSection(ExtensibilityGlobals) = postSolution
		SolutionGuid = {28E9ECFE-2E33-49FA-9100-E5D6EE2FD111}
	EndGlobalSection
EndGlobal
